
Microsoft Visual Studio Solution File, Format Version 12.00
# Visual Studio Version 16
VisualStudioVersion = 16.0.30907.101
MinimumVisualStudioVersion = 10.0.40219.1
Project("{9A19103F-16F7-4668-BE54-9A1E7A4F7556}") = "HTBLib.MVVM.WPF", "HTBLib.MVVM.WPF\HTBLib.MVVM.WPF.csproj", "{C6433FD0-6F8F-4399-8476-CE1B4780A0A8}"
EndProject
Project("{9A19103F-16F7-4668-BE54-9A1E7A4F7556}") = "HTBLib.MVVM", "HTBLib.MVVM\HTBLib.MVVM.csproj", "{56D47B1A-CAB0-4AB3-97CA-B9BD6BB09384}"
EndProject
Project("{9A19103F-16F7-4668-BE54-9A1E7A4F7556}") = "HTBLib.MVVM.Xamarin", "HTBLib.MVVM.Xamarin\HTBLib.MVVM.Xamarin.csproj", "{2B0FD6B6-5A37-45E9-AEBD-2EF1F06A4865}"
EndProject
Project("{2150E333-8FDC-42A3-9474-1A3956D46DE8}") = "MVVM", "MVVM", "{9C6B804B-5A56-4935-9825-BE7C3D1483FD}"
EndProject
Project("{2150E333-8FDC-42A3-9474-1A3956D46DE8}") = "DI", "DI", "{DE87D6CB-3BC0-479B-BA1E-E26636011262}"
EndProject
Project("{9A19103F-16F7-4668-BE54-9A1E7A4F7556}") = "HTBLib.DI.WPF", "HTBLib.DI.WPF\HTBLib.DI.WPF.csproj", "{8E6C61F4-E176-45A6-9B4B-EF2CA23A458C}"
EndProject
Project("{FAE04EC0-301F-11D3-BF4B-00C04F79EFBC}") = "HTBLib.DI", "HTBLib.DI\HTBLib.DI.csproj", "{94ED4FA6-E435-44E5-9C8B-0A97C8402958}"
EndProject
Project("{FAE04EC0-301F-11D3-BF4B-00C04F79EFBC}") = "HTBLib.DI.Xamarin", "HTBLib.DI.Xamarin\HTBLib.DI.Xamarin.csproj", "{E6BA2086-FE3C-4F70-A637-440B876E9A69}"
EndProject
Global
	GlobalSection(SolutionConfigurationPlatforms) = preSolution
		Debug|Any CPU = Debug|Any CPU
		Release|Any CPU = Release|Any CPU
	EndGlobalSection
	GlobalSection(ProjectConfigurationPlatforms) = postSolution
		{C6433FD0-6F8F-4399-8476-CE1B4780A0A8}.Debug|Any CPU.ActiveCfg = Debug|Any CPU
		{C6433FD0-6F8F-4399-8476-CE1B4780A0A8}.Debug|Any CPU.Build.0 = Debug|Any CPU
		{C6433FD0-6F8F-4399-8476-CE1B4780A0A8}.Release|Any CPU.ActiveCfg = Release|Any CPU
		{C6433FD0-6F8F-4399-8476-CE1B4780A0A8}.Release|Any CPU.Build.0 = Release|Any CPU
		{56D47B1A-CAB0-4AB3-97CA-B9BD6BB09384}.Debug|Any CPU.ActiveCfg = Debug|Any CPU
		{56D47B1A-CAB0-4AB3-97CA-B9BD6BB09384}.Debug|Any CPU.Build.0 = Debug|Any CPU
		{56D47B1A-CAB0-4AB3-97CA-B9BD6BB09384}.Release|Any CPU.ActiveCfg = Release|Any CPU
		{56D47B1A-CAB0-4AB3-97CA-B9BD6BB09384}.Release|Any CPU.Build.0 = Release|Any CPU
		{2B0FD6B6-5A37-45E9-AEBD-2EF1F06A4865}.Debug|Any CPU.ActiveCfg = Debug|Any CPU
		{2B0FD6B6-5A37-45E9-AEBD-2EF1F06A4865}.Debug|Any CPU.Build.0 = Debug|Any CPU
		{2B0FD6B6-5A37-45E9-AEBD-2EF1F06A4865}.Release|Any CPU.ActiveCfg = Release|Any CPU
		{2B0FD6B6-5A37-45E9-AEBD-2EF1F06A4865}.Release|Any CPU.Build.0 = Release|Any CPU
		{8E6C61F4-E176-45A6-9B4B-EF2CA23A458C}.Debug|Any CPU.ActiveCfg = Debug|Any CPU
		{8E6C61F4-E176-45A6-9B4B-EF2CA23A458C}.Debug|Any CPU.Build.0 = Debug|Any CPU
		{8E6C61F4-E176-45A6-9B4B-EF2CA23A458C}.Release|Any CPU.ActiveCfg = Release|Any CPU
		{8E6C61F4-E176-45A6-9B4B-EF2CA23A458C}.Release|Any CPU.Build.0 = Release|Any CPU
		{94ED4FA6-E435-44E5-9C8B-0A97C8402958}.Debug|Any CPU.ActiveCfg = Debug|Any CPU
		{94ED4FA6-E435-44E5-9C8B-0A97C8402958}.Debug|Any CPU.Build.0 = Debug|Any CPU
		{94ED4FA6-E435-44E5-9C8B-0A97C8402958}.Release|Any CPU.ActiveCfg = Release|Any CPU
		{94ED4FA6-E435-44E5-9C8B-0A97C8402958}.Release|Any CPU.Build.0 = Release|Any CPU
		{E6BA2086-FE3C-4F70-A637-440B876E9A69}.Debug|Any CPU.ActiveCfg = Debug|Any CPU
		{E6BA2086-FE3C-4F70-A637-440B876E9A69}.Debug|Any CPU.Build.0 = Debug|Any CPU
		{E6BA2086-FE3C-4F70-A637-440B876E9A69}.Release|Any CPU.ActiveCfg = Release|Any CPU
		{E6BA2086-FE3C-4F70-A637-440B876E9A69}.Release|Any CPU.Build.0 = Release|Any CPU
	EndGlobalSection
	GlobalSection(SolutionProperties) = preSolution
		HideSolutionNode = FALSE
	EndGlobalSection
	GlobalSection(NestedProjects) = preSolution
		{C6433FD0-6F8F-4399-8476-CE1B4780A0A8} = {9C6B804B-5A56-4935-9825-BE7C3D1483FD}
		{56D47B1A-CAB0-4AB3-97CA-B9BD6BB09384} = {9C6B804B-5A56-4935-9825-BE7C3D1483FD}
		{2B0FD6B6-5A37-45E9-AEBD-2EF1F06A4865} = {9C6B804B-5A56-4935-9825-BE7C3D1483FD}
		{8E6C61F4-E176-45A6-9B4B-EF2CA23A458C} = {DE87D6CB-3BC0-479B-BA1E-E26636011262}
		{94ED4FA6-E435-44E5-9C8B-0A97C8402958} = {DE87D6CB-3BC0-479B-BA1E-E26636011262}
		{E6BA2086-FE3C-4F70-A637-440B876E9A69} = {DE87D6CB-3BC0-479B-BA1E-E26636011262}
	EndGlobalSection
	GlobalSection(ExtensibilityGlobals) = postSolution
		SolutionGuid = {1ED8B3EB-BD25-4D02-B3E6-2FCF521513A2}
	EndGlobalSection
EndGlobal
